
Microsoft Visual Studio Solution File, Format Version 12.00
# Visual Studio 15
VisualStudioVersion = 15.0.28010.2048
MinimumVisualStudioVersion = 10.0.40219.1
Project("{2150E333-8FDC-42A3-9474-1A3956D46DE8}") = "Services", "Services", "{B2F021EA-4979-4BF2-B204-33DBCE2EE4A6}"
EndProject
Project("{2150E333-8FDC-42A3-9474-1A3956D46DE8}") = "AdminUser", "AdminUser", "{0037B2F8-3750-4FF2-B726-3836030BCFC1}"
EndProject
Project("{2150E333-8FDC-42A3-9474-1A3956D46DE8}") = "Post", "Post", "{A98D1D6B-07FC-48BC-B8CC-094E91279EB6}"
EndProject
Project("{2150E333-8FDC-42A3-9474-1A3956D46DE8}") = "User", "User", "{BE01C0C7-8ADB-4641-8462-8E6E04D08CD0}"
EndProject
Project("{2150E333-8FDC-42A3-9474-1A3956D46DE8}") = "other", "other", "{50AAF4F3-EBAD-4226-B5AF-E4C324683A77}"
EndProject
Project("{9A19103F-16F7-4668-BE54-9A1E7A4F7556}") = "Services.Admin.Model", "Services.Admin.Model\Services.Admin.Model.csproj", "{594A0B01-067D-42F0-8DF1-450BA5E75255}"
EndProject
Project("{9A19103F-16F7-4668-BE54-9A1E7A4F7556}") = "Services.Admin.DTO", "Services.Admin.DTO\Services.Admin.DTO.csproj", "{0CCAD74B-11CE-45EA-8777-268FF5A0F560}"
EndProject
Project("{9A19103F-16F7-4668-BE54-9A1E7A4F7556}") = "Services.Admin.IService", "Services.Admin.IService\Services.Admin.IService.csproj", "{D0E46FFC-F2FD-428C-BA17-E1676AE7BF3C}"
EndProject
Project("{9A19103F-16F7-4668-BE54-9A1E7A4F7556}") = "Services.Admin.Service", "Services.Admin.Service\Services.Admin.Service.csproj", "{C67868AF-0B1C-4FDC-A28D-F060DBBFA329}"
EndProject
Project("{9A19103F-16F7-4668-BE54-9A1E7A4F7556}") = "Services.Admin.API", "Services.Admin.API\Services.Admin.API.csproj", "{B206C973-DF9A-4A72-9875-904268245A8B}"
EndProject
Project("{2150E333-8FDC-42A3-9474-1A3956D46DE8}") = "ServicesCommon", "ServicesCommon", "{D850B614-DB5C-4B36-BA1A-97B6B2E549CE}"
EndProject
Project("{9A19103F-16F7-4668-BE54-9A1E7A4F7556}") = "Services.Common.ModelCommon", "Services.Common.ModelCommon\Services.Common.ModelCommon.csproj", "{0FBB268D-D5FF-4711-9F46-2CDC8E87369A}"
EndProject
Project("{9A19103F-16F7-4668-BE54-9A1E7A4F7556}") = "Services.Common.IServiceCommon", "Services.Common.IServiceCommon\Services.Common.IServiceCommon.csproj", "{59F254FC-CE67-40D2-B866-C4A39E7E0035}"
EndProject
Project("{9A19103F-16F7-4668-BE54-9A1E7A4F7556}") = "Services.Common.ServiceCommon", "Services.Common.ServiceCommon\Services.Common.ServiceCommon.csproj", "{76980B3B-53DC-4C41-8C43-AFEF9F31C273}"
EndProject
Project("{9A19103F-16F7-4668-BE54-9A1E7A4F7556}") = "Services.Common", "Services.Common\Services.Common.csproj", "{D164B695-D59B-4F78-A0B4-8C932B21BFF6}"
EndProject
Project("{9A19103F-16F7-4668-BE54-9A1E7A4F7556}") = "Services.APICommon", "Services.APICommon\Services.APICommon.csproj", "{1ED27E1A-D4A0-4591-B3D8-88DCB46382EB}"
EndProject
Project("{2150E333-8FDC-42A3-9474-1A3956D46DE8}") = "test", "test", "{9A1D26DE-D96E-48E8-BDB0-C7BC32B55982}"
EndProject
Project("{9A19103F-16F7-4668-BE54-9A1E7A4F7556}") = "APITest", "APITest\APITest.csproj", "{3C063556-A29B-49D6-86C1-23733D7B1D31}"
EndProject
Project("{9A19103F-16F7-4668-BE54-9A1E7A4F7556}") = "Services.User.Model", "Services.User.Model\Services.User.Model.csproj", "{85C150AE-C358-4752-A27C-596F4C6D6C58}"
EndProject
Project("{9A19103F-16F7-4668-BE54-9A1E7A4F7556}") = "Services.Other.Model", "Services.Other.Model\Services.Other.Model.csproj", "{E17BBEE5-AE90-4E86-A4B2-8C5FEE7F22DA}"
EndProject
Project("{9A19103F-16F7-4668-BE54-9A1E7A4F7556}") = "Services.Other.DTO", "Services.Other.DTO\Services.Other.DTO.csproj", "{C044F543-6BC9-480D-A885-97409EFE4FE3}"
EndProject
Project("{9A19103F-16F7-4668-BE54-9A1E7A4F7556}") = "Services.Other.IService", "Services.Other.IService\Services.Other.IService.csproj", "{DDBC3E04-A8BA-49F4-A4F1-B576DE9BC0CA}"
EndProject
Project("{9A19103F-16F7-4668-BE54-9A1E7A4F7556}") = "Services.Other.Service", "Services.Other.Service\Services.Other.Service.csproj", "{C017D4E5-1FA4-416F-967E-7EA16954EDE8}"
EndProject
Project("{9A19103F-16F7-4668-BE54-9A1E7A4F7556}") = "Services.Other.API", "Services.Other.API\Services.Other.API.csproj", "{FB012795-E4F7-4D49-B5B1-14D4EB8510CB}"
EndProject
Project("{9A19103F-16F7-4668-BE54-9A1E7A4F7556}") = "Services.User.IService", "Services.User.IService\Services.User.IService.csproj", "{5E7E27DE-4521-4D5A-A475-60F6CF37879C}"
EndProject
Project("{9A19103F-16F7-4668-BE54-9A1E7A4F7556}") = "Services.User.DTO", "Services.User.DTO\Services.User.DTO.csproj", "{446308DE-EE35-4A89-AFB0-A500C01F7EF6}"
EndProject
Project("{9A19103F-16F7-4668-BE54-9A1E7A4F7556}") = "Services.User.Service", "Services.User.Service\Services.User.Service.csproj", "{382845CF-A447-4167-A824-1DDCD234C19F}"
EndProject
Project("{9A19103F-16F7-4668-BE54-9A1E7A4F7556}") = "Services.User.API", "Services.User.API\Services.User.API.csproj", "{712CC3CC-FA1D-4EF9-AA9E-B6058A27B987}"
EndProject
Project("{9A19103F-16F7-4668-BE54-9A1E7A4F7556}") = "Services.Post.Model", "Services.Post.Model\Services.Post.Model.csproj", "{D5F41FE6-2C80-47C8-8C40-42CBACBF654A}"
EndProject
Project("{9A19103F-16F7-4668-BE54-9A1E7A4F7556}") = "Services.Post.IService", "Services.Post.IService\Services.Post.IService.csproj", "{FB98B309-2156-4B7F-9F7E-1EEB09CABFD1}"
EndProject
Project("{9A19103F-16F7-4668-BE54-9A1E7A4F7556}") = "Services.Post.Service", "Services.Post.Service\Services.Post.Service.csproj", "{1ADE7A50-C154-49BB-A633-1AEFA0DB8DD7}"
EndProject
Project("{9A19103F-16F7-4668-BE54-9A1E7A4F7556}") = "Services.Post.DTO", "Services.Post.DTO\Services.Post.DTO.csproj", "{3AC96AEE-8005-4394-B90A-DC4537BCE810}"
EndProject
Project("{9A19103F-16F7-4668-BE54-9A1E7A4F7556}") = "Services.Post.API", "Services.Post.API\Services.Post.API.csproj", "{117AE58A-D944-4E6F-950F-1888A7DA1111}"
EndProject
Project("{2150E333-8FDC-42A3-9474-1A3956D46DE8}") = "NoRainForum_Computer", "NoRainForum_Computer", "{EE297FA2-B48E-461B-B803-002AEC45EA95}"
EndProject
Project("{2150E333-8FDC-42A3-9474-1A3956D46DE8}") = "NetSDK", "NetSDK", "{5F3FB207-5487-402F-897C-C0AB52E9A40E}"
EndProject
Project("{9A19103F-16F7-4668-BE54-9A1E7A4F7556}") = "NoRainSDK", "NoRainSDK\NoRainSDK.csproj", "{4D53EFF0-AB3D-44E9-80D2-0BD0E24F71A9}"
EndProject
Project("{2150E333-8FDC-42A3-9474-1A3956D46DE8}") = "Ocelot", "Ocelot", "{EB29C884-7D9D-4F27-979D-C50295B2E794}"
EndProject
Project("{9A19103F-16F7-4668-BE54-9A1E7A4F7556}") = "NoRainForum.Ocelot", "NoRainForum.Ocelot\NoRainForum.Ocelot.csproj", "{68E1E89A-D619-4F83-822A-6AA9746681BD}"
EndProject
Project("{9A19103F-16F7-4668-BE54-9A1E7A4F7556}") = "NoRainForum.Computer.AdminWeb", "NoRainForum.Computer.AdminWeb\NoRainForum.Computer.AdminWeb.csproj", "{AE18818D-91BE-450D-ACA0-01DF26871DE7}"
EndProject
Project("{9A19103F-16F7-4668-BE54-9A1E7A4F7556}") = "NoRainForumCommon", "NoRainForumCommon\NoRainForumCommon.csproj", "{AF5973FC-D914-41D6-9C7F-9BC64917B7C8}"
EndProject
Project("{FAE04EC0-301F-11D3-BF4B-00C04F79EFBC}") = "NoRainForum.Computer.FrontWeb", "NoRainForum.Computer.FrontWeb\NoRainForum.Computer.FrontWeb.csproj", "{1B474BC7-450E-41E3-9C16-B49ED4C0A12C}"
EndProject
Global
	GlobalSection(SolutionConfigurationPlatforms) = preSolution
		Debug|Any CPU = Debug|Any CPU
		Release|Any CPU = Release|Any CPU
	EndGlobalSection
	GlobalSection(ProjectConfigurationPlatforms) = postSolution
		{594A0B01-067D-42F0-8DF1-450BA5E75255}.Debug|Any CPU.ActiveCfg = Debug|Any CPU
		{594A0B01-067D-42F0-8DF1-450BA5E75255}.Debug|Any CPU.Build.0 = Debug|Any CPU
		{594A0B01-067D-42F0-8DF1-450BA5E75255}.Release|Any CPU.ActiveCfg = Release|Any CPU
		{594A0B01-067D-42F0-8DF1-450BA5E75255}.Release|Any CPU.Build.0 = Release|Any CPU
		{0CCAD74B-11CE-45EA-8777-268FF5A0F560}.Debug|Any CPU.ActiveCfg = Debug|Any CPU
		{0CCAD74B-11CE-45EA-8777-268FF5A0F560}.Debug|Any CPU.Build.0 = Debug|Any CPU
		{0CCAD74B-11CE-45EA-8777-268FF5A0F560}.Release|Any CPU.ActiveCfg = Release|Any CPU
		{0CCAD74B-11CE-45EA-8777-268FF5A0F560}.Release|Any CPU.Build.0 = Release|Any CPU
		{D0E46FFC-F2FD-428C-BA17-E1676AE7BF3C}.Debug|Any CPU.ActiveCfg = Debug|Any CPU
		{D0E46FFC-F2FD-428C-BA17-E1676AE7BF3C}.Debug|Any CPU.Build.0 = Debug|Any CPU
		{D0E46FFC-F2FD-428C-BA17-E1676AE7BF3C}.Release|Any CPU.ActiveCfg = Release|Any CPU
		{D0E46FFC-F2FD-428C-BA17-E1676AE7BF3C}.Release|Any CPU.Build.0 = Release|Any CPU
		{C67868AF-0B1C-4FDC-A28D-F060DBBFA329}.Debug|Any CPU.ActiveCfg = Debug|Any CPU
		{C67868AF-0B1C-4FDC-A28D-F060DBBFA329}.Debug|Any CPU.Build.0 = Debug|Any CPU
		{C67868AF-0B1C-4FDC-A28D-F060DBBFA329}.Release|Any CPU.ActiveCfg = Release|Any CPU
		{C67868AF-0B1C-4FDC-A28D-F060DBBFA329}.Release|Any CPU.Build.0 = Release|Any CPU
		{B206C973-DF9A-4A72-9875-904268245A8B}.Debug|Any CPU.ActiveCfg = Debug|Any CPU
		{B206C973-DF9A-4A72-9875-904268245A8B}.Debug|Any CPU.Build.0 = Debug|Any CPU
		{B206C973-DF9A-4A72-9875-904268245A8B}.Release|Any CPU.ActiveCfg = Release|Any CPU
		{B206C973-DF9A-4A72-9875-904268245A8B}.Release|Any CPU.Build.0 = Release|Any CPU
		{0FBB268D-D5FF-4711-9F46-2CDC8E87369A}.Debug|Any CPU.ActiveCfg = Debug|Any CPU
		{0FBB268D-D5FF-4711-9F46-2CDC8E87369A}.Debug|Any CPU.Build.0 = Debug|Any CPU
		{0FBB268D-D5FF-4711-9F46-2CDC8E87369A}.Release|Any CPU.ActiveCfg = Release|Any CPU
		{0FBB268D-D5FF-4711-9F46-2CDC8E87369A}.Release|Any CPU.Build.0 = Release|Any CPU
		{59F254FC-CE67-40D2-B866-C4A39E7E0035}.Debug|Any CPU.ActiveCfg = Debug|Any CPU
		{59F254FC-CE67-40D2-B866-C4A39E7E0035}.Debug|Any CPU.Build.0 = Debug|Any CPU
		{59F254FC-CE67-40D2-B866-C4A39E7E0035}.Release|Any CPU.ActiveCfg = Release|Any CPU
		{59F254FC-CE67-40D2-B866-C4A39E7E0035}.Release|Any CPU.Build.0 = Release|Any CPU
		{76980B3B-53DC-4C41-8C43-AFEF9F31C273}.Debug|Any CPU.ActiveCfg = Debug|Any CPU
		{76980B3B-53DC-4C41-8C43-AFEF9F31C273}.Debug|Any CPU.Build.0 = Debug|Any CPU
		{76980B3B-53DC-4C41-8C43-AFEF9F31C273}.Release|Any CPU.ActiveCfg = Release|Any CPU
		{76980B3B-53DC-4C41-8C43-AFEF9F31C273}.Release|Any CPU.Build.0 = Release|Any CPU
		{D164B695-D59B-4F78-A0B4-8C932B21BFF6}.Debug|Any CPU.ActiveCfg = Debug|Any CPU
		{D164B695-D59B-4F78-A0B4-8C932B21BFF6}.Debug|Any CPU.Build.0 = Debug|Any CPU
		{D164B695-D59B-4F78-A0B4-8C932B21BFF6}.Release|Any CPU.ActiveCfg = Release|Any CPU
		{D164B695-D59B-4F78-A0B4-8C932B21BFF6}.Release|Any CPU.Build.0 = Release|Any CPU
		{1ED27E1A-D4A0-4591-B3D8-88DCB46382EB}.Debug|Any CPU.ActiveCfg = Debug|Any CPU
		{1ED27E1A-D4A0-4591-B3D8-88DCB46382EB}.Debug|Any CPU.Build.0 = Debug|Any CPU
		{1ED27E1A-D4A0-4591-B3D8-88DCB46382EB}.Release|Any CPU.ActiveCfg = Release|Any CPU
		{1ED27E1A-D4A0-4591-B3D8-88DCB46382EB}.Release|Any CPU.Build.0 = Release|Any CPU
		{3C063556-A29B-49D6-86C1-23733D7B1D31}.Debug|Any CPU.ActiveCfg = Debug|Any CPU
		{3C063556-A29B-49D6-86C1-23733D7B1D31}.Debug|Any CPU.Build.0 = Debug|Any CPU
		{3C063556-A29B-49D6-86C1-23733D7B1D31}.Release|Any CPU.ActiveCfg = Release|Any CPU
		{3C063556-A29B-49D6-86C1-23733D7B1D31}.Release|Any CPU.Build.0 = Release|Any CPU
		{85C150AE-C358-4752-A27C-596F4C6D6C58}.Debug|Any CPU.ActiveCfg = Debug|Any CPU
		{85C150AE-C358-4752-A27C-596F4C6D6C58}.Debug|Any CPU.Build.0 = Debug|Any CPU
		{85C150AE-C358-4752-A27C-596F4C6D6C58}.Release|Any CPU.ActiveCfg = Release|Any CPU
		{85C150AE-C358-4752-A27C-596F4C6D6C58}.Release|Any CPU.Build.0 = Release|Any CPU
		{E17BBEE5-AE90-4E86-A4B2-8C5FEE7F22DA}.Debug|Any CPU.ActiveCfg = Debug|Any CPU
		{E17BBEE5-AE90-4E86-A4B2-8C5FEE7F22DA}.Debug|Any CPU.Build.0 = Debug|Any CPU
		{E17BBEE5-AE90-4E86-A4B2-8C5FEE7F22DA}.Release|Any CPU.ActiveCfg = Release|Any CPU
		{E17BBEE5-AE90-4E86-A4B2-8C5FEE7F22DA}.Release|Any CPU.Build.0 = Release|Any CPU
		{C044F543-6BC9-480D-A885-97409EFE4FE3}.Debug|Any CPU.ActiveCfg = Debug|Any CPU
		{C044F543-6BC9-480D-A885-97409EFE4FE3}.Debug|Any CPU.Build.0 = Debug|Any CPU
		{C044F543-6BC9-480D-A885-97409EFE4FE3}.Release|Any CPU.ActiveCfg = Release|Any CPU
		{C044F543-6BC9-480D-A885-97409EFE4FE3}.Release|Any CPU.Build.0 = Release|Any CPU
		{DDBC3E04-A8BA-49F4-A4F1-B576DE9BC0CA}.Debug|Any CPU.ActiveCfg = Debug|Any CPU
		{DDBC3E04-A8BA-49F4-A4F1-B576DE9BC0CA}.Debug|Any CPU.Build.0 = Debug|Any CPU
		{DDBC3E04-A8BA-49F4-A4F1-B576DE9BC0CA}.Release|Any CPU.ActiveCfg = Release|Any CPU
		{DDBC3E04-A8BA-49F4-A4F1-B576DE9BC0CA}.Release|Any CPU.Build.0 = Release|Any CPU
		{C017D4E5-1FA4-416F-967E-7EA16954EDE8}.Debug|Any CPU.ActiveCfg = Debug|Any CPU
		{C017D4E5-1FA4-416F-967E-7EA16954EDE8}.Debug|Any CPU.Build.0 = Debug|Any CPU
		{C017D4E5-1FA4-416F-967E-7EA16954EDE8}.Release|Any CPU.ActiveCfg = Release|Any CPU
		{C017D4E5-1FA4-416F-967E-7EA16954EDE8}.Release|Any CPU.Build.0 = Release|Any CPU
		{FB012795-E4F7-4D49-B5B1-14D4EB8510CB}.Debug|Any CPU.ActiveCfg = Debug|Any CPU
		{FB012795-E4F7-4D49-B5B1-14D4EB8510CB}.Debug|Any CPU.Build.0 = Debug|Any CPU
		{FB012795-E4F7-4D49-B5B1-14D4EB8510CB}.Release|Any CPU.ActiveCfg = Release|Any CPU
		{FB012795-E4F7-4D49-B5B1-14D4EB8510CB}.Release|Any CPU.Build.0 = Release|Any CPU
		{5E7E27DE-4521-4D5A-A475-60F6CF37879C}.Debug|Any CPU.ActiveCfg = Debug|Any CPU
		{5E7E27DE-4521-4D5A-A475-60F6CF37879C}.Debug|Any CPU.Build.0 = Debug|Any CPU
		{5E7E27DE-4521-4D5A-A475-60F6CF37879C}.Release|Any CPU.ActiveCfg = Release|Any CPU
		{5E7E27DE-4521-4D5A-A475-60F6CF37879C}.Release|Any CPU.Build.0 = Release|Any CPU
		{446308DE-EE35-4A89-AFB0-A500C01F7EF6}.Debug|Any CPU.ActiveCfg = Debug|Any CPU
		{446308DE-EE35-4A89-AFB0-A500C01F7EF6}.Debug|Any CPU.Build.0 = Debug|Any CPU
		{446308DE-EE35-4A89-AFB0-A500C01F7EF6}.Release|Any CPU.ActiveCfg = Release|Any CPU
		{446308DE-EE35-4A89-AFB0-A500C01F7EF6}.Release|Any CPU.Build.0 = Release|Any CPU
		{382845CF-A447-4167-A824-1DDCD234C19F}.Debug|Any CPU.ActiveCfg = Debug|Any CPU
		{382845CF-A447-4167-A824-1DDCD234C19F}.Debug|Any CPU.Build.0 = Debug|Any CPU
		{382845CF-A447-4167-A824-1DDCD234C19F}.Release|Any CPU.ActiveCfg = Release|Any CPU
		{382845CF-A447-4167-A824-1DDCD234C19F}.Release|Any CPU.Build.0 = Release|Any CPU
		{712CC3CC-FA1D-4EF9-AA9E-B6058A27B987}.Debug|Any CPU.ActiveCfg = Debug|Any CPU
		{712CC3CC-FA1D-4EF9-AA9E-B6058A27B987}.Debug|Any CPU.Build.0 = Debug|Any CPU
		{712CC3CC-FA1D-4EF9-AA9E-B6058A27B987}.Release|Any CPU.ActiveCfg = Release|Any CPU
		{712CC3CC-FA1D-4EF9-AA9E-B6058A27B987}.Release|Any CPU.Build.0 = Release|Any CPU
		{D5F41FE6-2C80-47C8-8C40-42CBACBF654A}.Debug|Any CPU.ActiveCfg = Debug|Any CPU
		{D5F41FE6-2C80-47C8-8C40-42CBACBF654A}.Debug|Any CPU.Build.0 = Debug|Any CPU
		{D5F41FE6-2C80-47C8-8C40-42CBACBF654A}.Release|Any CPU.ActiveCfg = Release|Any CPU
		{D5F41FE6-2C80-47C8-8C40-42CBACBF654A}.Release|Any CPU.Build.0 = Release|Any CPU
		{FB98B309-2156-4B7F-9F7E-1EEB09CABFD1}.Debug|Any CPU.ActiveCfg = Debug|Any CPU
		{FB98B309-2156-4B7F-9F7E-1EEB09CABFD1}.Debug|Any CPU.Build.0 = Debug|Any CPU
		{FB98B309-2156-4B7F-9F7E-1EEB09CABFD1}.Release|Any CPU.ActiveCfg = Release|Any CPU
		{FB98B309-2156-4B7F-9F7E-1EEB09CABFD1}.Release|Any CPU.Build.0 = Release|Any CPU
		{1ADE7A50-C154-49BB-A633-1AEFA0DB8DD7}.Debug|Any CPU.ActiveCfg = Debug|Any CPU
		{1ADE7A50-C154-49BB-A633-1AEFA0DB8DD7}.Debug|Any CPU.Build.0 = Debug|Any CPU
		{1ADE7A50-C154-49BB-A633-1AEFA0DB8DD7}.Release|Any CPU.ActiveCfg = Release|Any CPU
		{1ADE7A50-C154-49BB-A633-1AEFA0DB8DD7}.Release|Any CPU.Build.0 = Release|Any CPU
		{3AC96AEE-8005-4394-B90A-DC4537BCE810}.Debug|Any CPU.ActiveCfg = Debug|Any CPU
		{3AC96AEE-8005-4394-B90A-DC4537BCE810}.Debug|Any CPU.Build.0 = Debug|Any CPU
		{3AC96AEE-8005-4394-B90A-DC4537BCE810}.Release|Any CPU.ActiveCfg = Release|Any CPU
		{3AC96AEE-8005-4394-B90A-DC4537BCE810}.Release|Any CPU.Build.0 = Release|Any CPU
		{117AE58A-D944-4E6F-950F-1888A7DA1111}.Debug|Any CPU.ActiveCfg = Debug|Any CPU
		{117AE58A-D944-4E6F-950F-1888A7DA1111}.Debug|Any CPU.Build.0 = Debug|Any CPU
		{117AE58A-D944-4E6F-950F-1888A7DA1111}.Release|Any CPU.ActiveCfg = Release|Any CPU
		{117AE58A-D944-4E6F-950F-1888A7DA1111}.Release|Any CPU.Build.0 = Release|Any CPU
		{4D53EFF0-AB3D-44E9-80D2-0BD0E24F71A9}.Debug|Any CPU.ActiveCfg = Debug|Any CPU
		{4D53EFF0-AB3D-44E9-80D2-0BD0E24F71A9}.Debug|Any CPU.Build.0 = Debug|Any CPU
		{4D53EFF0-AB3D-44E9-80D2-0BD0E24F71A9}.Release|Any CPU.ActiveCfg = Release|Any CPU
		{4D53EFF0-AB3D-44E9-80D2-0BD0E24F71A9}.Release|Any CPU.Build.0 = Release|Any CPU
		{68E1E89A-D619-4F83-822A-6AA9746681BD}.Debug|Any CPU.ActiveCfg = Debug|Any CPU
		{68E1E89A-D619-4F83-822A-6AA9746681BD}.Debug|Any CPU.Build.0 = Debug|Any CPU
		{68E1E89A-D619-4F83-822A-6AA9746681BD}.Release|Any CPU.ActiveCfg = Release|Any CPU
		{68E1E89A-D619-4F83-822A-6AA9746681BD}.Release|Any CPU.Build.0 = Release|Any CPU
		{AE18818D-91BE-450D-ACA0-01DF26871DE7}.Debug|Any CPU.ActiveCfg = Debug|Any CPU
		{AE18818D-91BE-450D-ACA0-01DF26871DE7}.Debug|Any CPU.Build.0 = Debug|Any CPU
		{AE18818D-91BE-450D-ACA0-01DF26871DE7}.Release|Any CPU.ActiveCfg = Release|Any CPU
		{AE18818D-91BE-450D-ACA0-01DF26871DE7}.Release|Any CPU.Build.0 = Release|Any CPU
		{AF5973FC-D914-41D6-9C7F-9BC64917B7C8}.Debug|Any CPU.ActiveCfg = Debug|Any CPU
		{AF5973FC-D914-41D6-9C7F-9BC64917B7C8}.Debug|Any CPU.Build.0 = Debug|Any CPU
		{AF5973FC-D914-41D6-9C7F-9BC64917B7C8}.Release|Any CPU.ActiveCfg = Release|Any CPU
		{AF5973FC-D914-41D6-9C7F-9BC64917B7C8}.Release|Any CPU.Build.0 = Release|Any CPU
		{1B474BC7-450E-41E3-9C16-B49ED4C0A12C}.Debug|Any CPU.ActiveCfg = Debug|Any CPU
		{1B474BC7-450E-41E3-9C16-B49ED4C0A12C}.Debug|Any CPU.Build.0 = Debug|Any CPU
		{1B474BC7-450E-41E3-9C16-B49ED4C0A12C}.Release|Any CPU.ActiveCfg = Release|Any CPU
		{1B474BC7-450E-41E3-9C16-B49ED4C0A12C}.Release|Any CPU.Build.0 = Release|Any CPU
	EndGlobalSection
	GlobalSection(SolutionProperties) = preSolution
		HideSolutionNode = FALSE
	EndGlobalSection
	GlobalSection(NestedProjects) = preSolution
		{0037B2F8-3750-4FF2-B726-3836030BCFC1} = {B2F021EA-4979-4BF2-B204-33DBCE2EE4A6}
		{A98D1D6B-07FC-48BC-B8CC-094E91279EB6} = {B2F021EA-4979-4BF2-B204-33DBCE2EE4A6}
		{BE01C0C7-8ADB-4641-8462-8E6E04D08CD0} = {B2F021EA-4979-4BF2-B204-33DBCE2EE4A6}
		{50AAF4F3-EBAD-4226-B5AF-E4C324683A77} = {B2F021EA-4979-4BF2-B204-33DBCE2EE4A6}
		{594A0B01-067D-42F0-8DF1-450BA5E75255} = {0037B2F8-3750-4FF2-B726-3836030BCFC1}
		{0CCAD74B-11CE-45EA-8777-268FF5A0F560} = {0037B2F8-3750-4FF2-B726-3836030BCFC1}
		{D0E46FFC-F2FD-428C-BA17-E1676AE7BF3C} = {0037B2F8-3750-4FF2-B726-3836030BCFC1}
		{C67868AF-0B1C-4FDC-A28D-F060DBBFA329} = {0037B2F8-3750-4FF2-B726-3836030BCFC1}
		{B206C973-DF9A-4A72-9875-904268245A8B} = {0037B2F8-3750-4FF2-B726-3836030BCFC1}
		{D850B614-DB5C-4B36-BA1A-97B6B2E549CE} = {B2F021EA-4979-4BF2-B204-33DBCE2EE4A6}
		{0FBB268D-D5FF-4711-9F46-2CDC8E87369A} = {D850B614-DB5C-4B36-BA1A-97B6B2E549CE}
		{59F254FC-CE67-40D2-B866-C4A39E7E0035} = {D850B614-DB5C-4B36-BA1A-97B6B2E549CE}
		{76980B3B-53DC-4C41-8C43-AFEF9F31C273} = {D850B614-DB5C-4B36-BA1A-97B6B2E549CE}
		{D164B695-D59B-4F78-A0B4-8C932B21BFF6} = {D850B614-DB5C-4B36-BA1A-97B6B2E549CE}
		{1ED27E1A-D4A0-4591-B3D8-88DCB46382EB} = {D850B614-DB5C-4B36-BA1A-97B6B2E549CE}
		{3C063556-A29B-49D6-86C1-23733D7B1D31} = {9A1D26DE-D96E-48E8-BDB0-C7BC32B55982}
		{85C150AE-C358-4752-A27C-596F4C6D6C58} = {BE01C0C7-8ADB-4641-8462-8E6E04D08CD0}
		{E17BBEE5-AE90-4E86-A4B2-8C5FEE7F22DA} = {50AAF4F3-EBAD-4226-B5AF-E4C324683A77}
		{C044F543-6BC9-480D-A885-97409EFE4FE3} = {50AAF4F3-EBAD-4226-B5AF-E4C324683A77}
		{DDBC3E04-A8BA-49F4-A4F1-B576DE9BC0CA} = {50AAF4F3-EBAD-4226-B5AF-E4C324683A77}
		{C017D4E5-1FA4-416F-967E-7EA16954EDE8} = {50AAF4F3-EBAD-4226-B5AF-E4C324683A77}
		{FB012795-E4F7-4D49-B5B1-14D4EB8510CB} = {50AAF4F3-EBAD-4226-B5AF-E4C324683A77}
		{5E7E27DE-4521-4D5A-A475-60F6CF37879C} = {BE01C0C7-8ADB-4641-8462-8E6E04D08CD0}
		{446308DE-EE35-4A89-AFB0-A500C01F7EF6} = {BE01C0C7-8ADB-4641-8462-8E6E04D08CD0}
		{382845CF-A447-4167-A824-1DDCD234C19F} = {BE01C0C7-8ADB-4641-8462-8E6E04D08CD0}
		{712CC3CC-FA1D-4EF9-AA9E-B6058A27B987} = {BE01C0C7-8ADB-4641-8462-8E6E04D08CD0}
		{D5F41FE6-2C80-47C8-8C40-42CBACBF654A} = {A98D1D6B-07FC-48BC-B8CC-094E91279EB6}
		{FB98B309-2156-4B7F-9F7E-1EEB09CABFD1} = {A98D1D6B-07FC-48BC-B8CC-094E91279EB6}
		{1ADE7A50-C154-49BB-A633-1AEFA0DB8DD7} = {A98D1D6B-07FC-48BC-B8CC-094E91279EB6}
		{3AC96AEE-8005-4394-B90A-DC4537BCE810} = {A98D1D6B-07FC-48BC-B8CC-094E91279EB6}
		{117AE58A-D944-4E6F-950F-1888A7DA1111} = {A98D1D6B-07FC-48BC-B8CC-094E91279EB6}
		{4D53EFF0-AB3D-44E9-80D2-0BD0E24F71A9} = {5F3FB207-5487-402F-897C-C0AB52E9A40E}
		{68E1E89A-D619-4F83-822A-6AA9746681BD} = {EB29C884-7D9D-4F27-979D-C50295B2E794}
		{AE18818D-91BE-450D-ACA0-01DF26871DE7} = {EE297FA2-B48E-461B-B803-002AEC45EA95}
		{AF5973FC-D914-41D6-9C7F-9BC64917B7C8} = {EE297FA2-B48E-461B-B803-002AEC45EA95}
		{1B474BC7-450E-41E3-9C16-B49ED4C0A12C} = {EE297FA2-B48E-461B-B803-002AEC45EA95}
	EndGlobalSection
	GlobalSection(ExtensibilityGlobals) = postSolution
		SolutionGuid = {2B89CE6B-2D53-4F99-8191-787287DB85A9}
	EndGlobalSection
EndGlobal
